
Microsoft Visual Studio Solution File, Format Version 12.00
# Visual Studio 15
VisualStudioVersion = 15.0.28307.106
MinimumVisualStudioVersion = 10.0.40219.1
Project("{FAE04EC0-301F-11D3-BF4B-00C04F79EFBC}") = "Wwise", "Wwise.csproj", "{C7BC2245-6ED0-4978-AB76-EB462FBB92B7}"
EndProject
Global
	GlobalSection(SolutionConfigurationPlatforms) = preSolution
		Debug|Any CPU = Debug|Any CPU
		Release|Any CPU = Release|Any CPU
	EndGlobalSection
	GlobalSection(ProjectConfigurationPlatforms) = postSolution
		{C7BC2245-6ED0-4978-AB76-EB462FBB92B7}.Debug|Any CPU.ActiveCfg = Debug|Any CPU
		{C7BC2245-6ED0-4978-AB76-EB462FBB92B7}.Debug|Any CPU.Build.0 = Debug|Any CPU
		{C7BC2245-6ED0-4978-AB76-EB462FBB92B7}.Release|Any CPU.ActiveCfg = Release|Any CPU
		{C7BC2245-6ED0-4978-AB76-EB462FBB92B7}.Release|Any CPU.Build.0 = Release|Any CPU
	EndGlobalSection
	GlobalSection(SolutionProperties) = preSolution
		HideSolutionNode = FALSE
	EndGlobalSection
	GlobalSection(ExtensibilityGlobals) = postSolution
		SolutionGuid = {8F4A337C-10BF-479B-888F-5315BAD243CC}
	EndGlobalSection
EndGlobal
